
Microsoft Visual Studio Solution File, Format Version 12.00
# Visual Studio 15
VisualStudioVersion = 15.0.28010.2036
MinimumVisualStudioVersion = 10.0.40219.1
Project("{FAE04EC0-301F-11D3-BF4B-00C04F79EFBC}") = "SeedAPI.Web.API", "SeedAPI.Web.API\SeedAPI.Web.API.csproj", "{DC4464CD-24F5-4E7E-A182-9D96604DCB2B}"
EndProject
Global
	GlobalSection(SolutionConfigurationPlatforms) = preSolution
		Debug|Any CPU = Debug|Any CPU
		Release|Any CPU = Release|Any CPU
	EndGlobalSection
	GlobalSection(ProjectConfigurationPlatforms) = postSolution
		{DC4464CD-24F5-4E7E-A182-9D96604DCB2B}.Debug|Any CPU.ActiveCfg = Debug|Any CPU
		{DC4464CD-24F5-4E7E-A182-9D96604DCB2B}.Debug|Any CPU.Build.0 = Debug|Any CPU
		{DC4464CD-24F5-4E7E-A182-9D96604DCB2B}.Release|Any CPU.ActiveCfg = Release|Any CPU
		{DC4464CD-24F5-4E7E-A182-9D96604DCB2B}.Release|Any CPU.Build.0 = Release|Any CPU
	EndGlobalSection
	GlobalSection(SolutionProperties) = preSolution
		HideSolutionNode = FALSE
	EndGlobalSection
	GlobalSection(ExtensibilityGlobals) = postSolution
		SolutionGuid = {8164418E-F3E6-4BE0-B694-393660079659}
	EndGlobalSection
EndGlobal
